// !$*UTF8*$!
{
	archiveVersion = 1;
	classes = {
	};
	objectVersion = 50;
	objects = {

/* Begin PBXBuildFile section */
		182226F022D57534001A5EC4 /* AppDelegate.swift in Sources */ = {isa = PBXBuildFile; fileRef = 182226EF22D57534001A5EC4 /* AppDelegate.swift */; };
		182226F222D57534001A5EC4 /* ViewController.swift in Sources */ = {isa = PBXBuildFile; fileRef = 182226F122D57534001A5EC4 /* ViewController.swift */; };
		182226F522D57534001A5EC4 /* Main.storyboard in Resources */ = {isa = PBXBuildFile; fileRef = 182226F322D57534001A5EC4 /* Main.storyboard */; };
		182226F722D57536001A5EC4 /* Assets.xcassets in Resources */ = {isa = PBXBuildFile; fileRef = 182226F622D57536001A5EC4 /* Assets.xcassets */; };
		182226FA22D57536001A5EC4 /* LaunchScreen.storyboard in Resources */ = {isa = PBXBuildFile; fileRef = 182226F822D57536001A5EC4 /* LaunchScreen.storyboard */; };
		1822270222D5763D001A5EC4 /* Right.mp3 in Resources */ = {isa = PBXBuildFile; fileRef = 1822270122D5763D001A5EC4 /* Right.mp3 */; };
/* End PBXBuildFile section */

/* Begin PBXFileReference section */
		182226EC22D57534001A5EC4 /* PlayAuido.app */ = {isa = PBXFileReference; explicitFileType = wrapper.application; includeInIndex = 0; path = PlayAuido.app; sourceTree = BUILT_PRODUCTS_DIR; };
		182226EF22D57534001A5EC4 /* AppDelegate.swift */ = {isa = PBXFileReference; lastKnownFileType = sourcecode.swift; path = AppDelegate.swift; sourceTree = "<group>"; };
		182226F122D57534001A5EC4 /* ViewController.swift */ = {isa = PBXFileReference; lastKnownFileType = sourcecode.swift; path = ViewController.swift; sourceTree = "<group>"; };
		182226F422D57534001A5EC4 /* Base */ = {isa = PBXFileReference; lastKnownFileType = file.storyboard; name = Base; path = Base.lproj/Main.storyboard; sourceTree = "<group>"; };
		182226F622D57536001A5EC4 /* Assets.xcassets */ = {isa = PBXFileReference; lastKnownFileType = folder.assetcatalog; path = Assets.xcassets; sourceTree = "<group>"; };
		182226F922D57536001A5EC4 /* Base */ = {isa = PBXFileReference; lastKnownFileType = file.storyboard; name = Base; path = Base.lproj/LaunchScreen.storyboard; sourceTree = "<group>"; };
		182226FB22D57536001A5EC4 /* Info.plist */ = {isa = PBXFileReference; lastKnownFileType = text.plist.xml; path = Info.plist; sourceTree = "<group>"; };
		1822270122D5763D001A5EC4 /* Right.mp3 */ = {isa = PBXFileReference; lastKnownFileType = audio.mp3; path = Right.mp3; sourceTree = "<group>"; };
/* End PBXFileReference section */

/* Begin PBXFrameworksBuildPhase section */
		182226E922D57534001A5EC4 /* Frameworks */ = {
			isa = PBXFrameworksBuildPhase;
			buildActionMask = 2147483647;
			files = (
			);
			runOnlyForDeploymentPostprocessing = 0;
		};
/* End PBXFrameworksBuildPhase section */

/* Begin PBXGroup section */
		182226E322D57534001A5EC4 = {
			isa = PBXGroup;
			children = (
				182226EE22D57534001A5EC4 /* PlayAuido */,
				182226ED22D57534001A5EC4 /* Products */,
			);
			sourceTree = "<group>";
		};
		182226ED22D57534001A5EC4 /* Products */ = {
			isa = PBXGroup;
			children = (
				182226EC22D57534001A5EC4 /* PlayAuido.app */,
			);
			name = Products;
			sourceTree = "<group>";
		};
		182226EE22D57534001A5EC4 /* PlayAuido */ = {
			isa = PBXGroup;
			children = (
				182226EF22D57534001A5EC4 /* AppDelegate.swift */,
				182226F122D57534001A5EC4 /* ViewController.swift */,
				182226F322D57534001A5EC4 /* Main.storyboard */,
				182226F622D57536001A5EC4 /* Assets.xcassets */,
				1822270122D5763D001A5EC4 /* Right.mp3 */,
				182226F822D57536001A5EC4 /* LaunchScreen.storyboard */,
				182226FB22D57536001A5EC4 /* Info.plist */,
			);
			path = PlayAuido;
			sourceTree = "<group>";
		};
/* End PBXGroup section */

/* Begin PBXNativeTarget section */
		182226EB22D57534001A5EC4 /* PlayAuido */ = {
			isa = PBXNativeTarget;
			buildConfigurationList = 182226FE22D57536001A5EC4 /* Build configuration list for PBXNativeTarget "PlayAuido" */;
			buildPhases = (
				182226E822D57534001A5EC4 /* Sources */,
				182226E922D57534001A5EC4 /* Frameworks */,
				182226EA22D57534001A5EC4 /* Resources */,
			);
			buildRules = (
			);
			dependencies = (
			);
			name = PlayAuido;
			productName = PlayAuido;
			productReference = 182226EC22D57534001A5EC4 /* PlayAuido.app */;
			productType = "com.apple.product-type.application";
		};
/* End PBXNativeTarget section */

/* Begin PBXProject section */
		182226E422D57534001A5EC4 /* Project object */ = {
			isa = PBXProject;
			attributes = {
				LastSwiftUpdateCheck = 0940;
				LastUpgradeCheck = 0940;
				ORGANIZATIONNAME = Benson;
				TargetAttributes = {
					182226EB22D57534001A5EC4 = {
						CreatedOnToolsVersion = 9.4.1;
					};
				};
			};
			buildConfigurationList = 182226E722D57534001A5EC4 /* Build configuration list for PBXProject "PlayAuido" */;
			compatibilityVersion = "Xcode 9.3";
			developmentRegion = en;
			hasScannedForEncodings = 0;
			knownRegions = (
				en,
				Base,
			);
			mainGroup = 182226E322D57534001A5EC4;
			productRefGroup = 182226ED22D57534001A5EC4 /* Products */;
			projectDirPath = "";
			projectRoot = "";
			targets = (
				182226EB22D57534001A5EC4 /* PlayAuido */,
			);
		};
/* End PBXProject section */

/* Begin PBXResourcesBuildPhase section */
		182226EA22D57534001A5EC4 /* Resources */ = {
			isa = PBXResourcesBuildPhase;
			buildActionMask = 2147483647;
			files = (
				182226FA22D57536001A5EC4 /* LaunchScreen.storyboard in Resources */,
				1822270222D5763D001A5EC4 /* Right.mp3 in Resources */,
				182226F722D57536001A5EC4 /* Assets.xcassets in Resources */,
				182226F522D57534001A5EC4 /* Main.storyboard in Resources */,
			);
			runOnlyForDeploymentPostprocessing = 0;
		};
/* End PBXResourcesBuildPhase section */

/* Begin PBXSourcesBuildPhase section */
		182226E822D57534001A5EC4 /* Sources */ = {
			isa = PBXSourcesBuildPhase;
			buildActionMask = 2147483647;
			files = (
				182226F222D57534001A5EC4 /* ViewController.swift in Sources */,
				182226F022D57534001A5EC4 /* AppDelegate.swift in Sources */,
			);
			runOnlyForDeploymentPostprocessing = 0;
		};
/* End PBXSourcesBuildPhase section */

/* Begin PBXVariantGroup section */
		182226F322D57534001A5EC4 /* Main.storyboard */ = {
			isa = PBXVariantGroup;
			children = (
				182226F422D57534001A5EC4 /* Base */,
			);
			name = Main.storyboard;
			sourceTree = "<group>";
		};
		182226F822D57536001A5EC4 /* LaunchScreen.storyboard */ = {
			isa = PBXVariantGroup;
			children = (
				182226F922D57536001A5EC4 /* Base */,
			);
			name = LaunchScreen.storyboard;
			sourceTree = "<group>";
		};
/* End PBXVariantGroup section */

/* Begin XCBuildConfiguration section */
		182226FC22D57536001A5EC4 /* Debug */ = {
			isa = XCBuildConfiguration;
			buildSettings = {
				ALWAYS_SEARCH_USER_PATHS = NO;
				CLANG_ANALYZER_NONNULL = YES;
				CLANG_ANALYZER_NUMBER_OBJECT_CONVERSION = YES_AGGRESSIVE;
				CLANG_CXX_LANGUAGE_STANDARD = "gnu++14";
				CLANG_CXX_LIBRARY = "libc++";
				CLANG_ENABLE_MODULES = YES;
				CLANG_ENABLE_OBJC_ARC = YES;
				CLANG_ENABLE_OBJC_WEAK = YES;
				CLANG_WARN_BLOCK_CAPTURE_AUTORELEASING = YES;
				CLANG_WARN_BOOL_CONVERSION = YES;
				CLANG_WARN_COMMA = YES;
				CLANG_WARN_CONSTANT_CONVERSION = YES;
				CLANG_WARN_DEPRECATED_OBJC_IMPLEMENTATIONS = YES;
				CLANG_WARN_DIRECT_OBJC_ISA_USAGE = YES_ERROR;
				CLANG_WARN_DOCUMENTATION_COMMENTS = YES;
				CLANG_WARN_EMPTY_BODY = YES;
				CLANG_WARN_ENUM_CONVERSION = YES;
				CLANG_WARN_INFINITE_RECURSION = YES;
				CLANG_WARN_INT_CONVERSION = YES;
				CLANG_WARN_NON_LITERAL_NULL_CONVERSION = YES;
				CLANG_WARN_OBJC_IMPLICIT_RETAIN_SELF = YES;
				CLANG_WARN_OBJC_LITERAL_CONVERSION = YES;
				CLANG_WARN_OBJC_ROOT_CLASS = YES_ERROR;
				CLANG_WARN_RANGE_LOOP_ANALYSIS = YES;
				CLANG_WARN_STRICT_PROTOTYPES = YES;
				CLANG_WARN_SUSPICIOUS_MOVE = YES;
				CLANG_WARN_UNGUARDED_AVAILABILITY = YES_AGGRESSIVE;
				CLANG_WARN_UNREACHABLE_CODE = YES;
				CLANG_WARN__DUPLICATE_METHOD_MATCH = YES;
				CODE_SIGN_IDENTITY = "iPhone Developer";
				COPY_PHASE_STRIP = NO;
				DEBUG_INFORMATION_FORMAT = dwarf;
				ENABLE_STRICT_OBJC_MSGSEND = YES;
				ENABLE_TESTABILITY = YES;
				GCC_C_LANGUAGE_STANDARD = gnu11;
				GCC_DYNAMIC_NO_PIC = NO;
				GCC_NO_COMMON_BLOCKS = YES;
				GCC_OPTIMIZATION_LEVEL = 0;
				GCC_PREPROCESSOR_DEFINITIONS = (
					"DEBUG=1",
					"$(inherited)",
				);
				GCC_WARN_64_TO_32_BIT_CONVERSION = YES;
				GCC_WARN_ABOUT_RETURN_TYPE = YES_ERROR;
				GCC_WARN_UNDECLARED_SELECTOR = YES;
				GCC_WARN_UNINITIALIZED_AUTOS = YES_AGGRESSIVE;
				GCC_WARN_UNUSED_FUNCTION = YES;
				GCC_WARN_UNUSED_VARIABLE = YES;
				IPHONEOS_DEPLOYMENT_TARGET = 11.4;
				MTL_ENABLE_DEBUG_INFO = YES;
				ONLY_ACTIVE_ARCH = YES;
				SDKROOT = iphoneos;
				SWIFT_ACTIVE_COMPILATION_CONDITIONS = DEBUG;
				SWIFT_OPTIMIZATION_LEVEL = "-Onone";
			};
			name = Debug;
		};
		182226FD22D57536001A5EC4 /* Release */ = {
			isa = XCBuildConfiguration;
			buildSettings = {
				ALWAYS_SEARCH_USER_PATHS = NO;
				CLANG_ANALYZER_NONNULL = YES;
				CLANG_ANALYZER_NUMBER_OBJECT_CONVERSION = YES_AGGRESSIVE;
				CLANG_CXX_LANGUAGE_STANDARD = "gnu++14";
				CLANG_CXX_LIBRARY = "libc++";
				CLANG_ENABLE_MODULES = YES;
				CLANG_ENABLE_OBJC_ARC = YES;
				CLANG_ENABLE_OBJC_WEAK = YES;
				CLANG_WARN_BLOCK_CAPTURE_AUTORELEASING = YES;
				CLANG_WARN_BOOL_CONVERSION = YES;
				CLANG_WARN_COMMA = YES;
				CLANG_WARN_CONSTANT_CONVERSION = YES;
				CLANG_WARN_DEPRECATED_OBJC_IMPLEMENTATIONS = YES;
				CLANG_WARN_DIRECT_OBJC_ISA_USAGE = YES_ERROR;
				CLANG_WARN_DOCUMENTATION_COMMENTS = YES;
				CLANG_WARN_EMPTY_BODY = YES;
				CLANG_WARN_ENUM_CONVERSION = YES;
				CLANG_WARN_INFINITE_RECURSION = YES;
				CLANG_WARN_INT_CONVERSION = YES;
				CLANG_WARN_NON_LITERAL_NULL_CONVERSION = YES;
				CLANG_WARN_OBJC_IMPLICIT_RETAIN_SELF = YES;
				CLANG_WARN_OBJC_LITERAL_CONVERSION = YES;
				CLANG_WARN_OBJC_ROOT_CLASS = YES_ERROR;
				CLANG_WARN_RANGE_LOOP_ANALYSIS = YES;
				CLANG_WARN_STRICT_PROTOTYPES = YES;
				CLANG_WARN_SUSPICIOUS_MOVE = YES;
				CLANG_WARN_UNGUARDED_AVAILABILITY = YES_AGGRESSIVE;
				CLANG_WARN_UNREACHABLE_CODE = YES;
				CLANG_WARN__DUPLICATE_METHOD_MATCH = YES;
				CODE_SIGN_IDENTITY = "iPhone Developer";
				COPY_PHASE_STRIP = NO;
				DEBUG_INFORMATION_FORMAT = "dwarf-with-dsym";
				ENABLE_NS_ASSERTIONS = NO;
				ENABLE_STRICT_OBJC_MSGSEND = YES;
				GCC_C_LANGUAGE_STANDARD = gnu11;
				GCC_NO_COMMON_BLOCKS = YES;
				GCC_WARN_64_TO_32_BIT_CONVERSION = YES;
				GCC_WARN_ABOUT_RETURN_TYPE = YES_ERROR;
				GCC_WARN_UNDECLARED_SELECTOR = YES;
				GCC_WARN_UNINITIALIZED_AUTOS = YES_AGGRESSIVE;
				GCC_WARN_UNUSED_FUNCTION = YES;
				GCC_WARN_UNUSED_VARIABLE = YES;
				IPHONEOS_DEPLOYMENT_TARGET = 11.4;
				MTL_ENABLE_DEBUG_INFO = NO;
				SDKROOT = iphoneos;
				SWIFT_COMPILATION_MODE = wholemodule;
				SWIFT_OPTIMIZATION_LEVEL = "-O";
				VALIDATE_PRODUCT = YES;
			};
			name = Release;
		};
		182226FF22D57536001A5EC4 /* Debug */ = {
			isa = XCBuildConfiguration;
			buildSettings = {
				ASSETCATALOG_COMPILER_APPICON_NAME = AppIcon;
				CODE_SIGN_STYLE = Automatic;
				DEVELOPMENT_TEAM = XG6TT6F7HM;
				INFOPLIST_FILE = PlayAuido/Info.plist;
				LD_RUNPATH_SEARCH_PATHS = (
					"$(inherited)",
					"@executable_path/Frameworks",
				);
				PRODUCT_BUNDLE_IDENTIFIER = com.Benson.PlayAuido;
				PRODUCT_NAME = "$(TARGET_NAME)";
				SWIFT_VERSION = 4.0;
				TARGETED_DEVICE_FAMILY = "1,2";
			};
			name = Debug;
		};
		1822270022D57536001A5EC4 /* Release */ = {
			isa = XCBuildConfiguration;
			buildSettings = {
				ASSETCATALOG_COMPILER_APPICON_NAME = AppIcon;
				CODE_SIGN_STYLE = Automatic;
				DEVELOPMENT_TEAM = XG6TT6F7HM;
				INFOPLIST_FILE = PlayAuido/Info.plist;
				LD_RUNPATH_SEARCH_PATHS = (
					"$(inherited)",
					"@executable_path/Frameworks",
				);
				PRODUCT_BUNDLE_IDENTIFIER = com.Benson.PlayAuido;
				PRODUCT_NAME = "$(TARGET_NAME)";
				SWIFT_VERSION = 4.0;
				TARGETED_DEVICE_FAMILY = "1,2";
			};
			name = Release;
		};
/* End XCBuildConfiguration section */

/* Begin XCConfigurationList section */
		182226E722D57534001A5EC4 /* Build configuration list for PBXProject "PlayAuido" */ = {
			isa = XCConfigurationList;
			buildConfigurations = (
				182226FC22D57536001A5EC4 /* Debug */,
				182226FD22D57536001A5EC4 /* Release */,
			);
			defaultConfigurationIsVisible = 0;
			defaultConfigurationName = Release;
		};
		182226FE22D57536001A5EC4 /* Build configuration list for PBXNativeTarget "PlayAuido" */ = {
			isa = XCConfigurationList;
			buildConfigurations = (
				182226FF22D57536001A5EC4 /* Debug */,
				1822270022D57536001A5EC4 /* Release */,
			);
			defaultConfigurationIsVisible = 0;
			defaultConfigurationName = Release;
		};
/* End XCConfigurationList section */
	};
	rootObject = 182226E422D57534001A5EC4 /* Project object */;
}
